
Microsoft Visual Studio Solution File, Format Version 12.00
# Visual Studio 15
VisualStudioVersion = 15.0.28307.572
MinimumVisualStudioVersion = 10.0.40219.1
Project("{FAE04EC0-301F-11D3-BF4B-00C04F79EFBC}") = "A8Project", "A8Project\A8Project.csproj", "{DE745482-BFDB-47DD-8B18-8310732D0510}"
EndProject
Project("{FAE04EC0-301F-11D3-BF4B-00C04F79EFBC}") = "Common", "Common\Common.csproj", "{7CEB4FB9-3CD6-4F66-936F-97ED0A41846F}"
EndProject
Project("{FAE04EC0-301F-11D3-BF4B-00C04F79EFBC}") = "CallSystem", "CallSystem\CallSystem.csproj", "{794F15F6-7C0E-4FBF-849F-49E25EA830FB}"
EndProject
Project("{54435603-DBB4-11D2-8724-00A0C9A8B90C}") = "CallOutSetup", "CallOutSetup\CallOutSetup.vdproj", "{5F6B1837-33C7-4DF7-8DB6-4A7CEBBA8503}"
EndProject
Project("{54435603-DBB4-11D2-8724-00A0C9A8B90C}") = "A8Setup", "A8Setup\A8Setup.vdproj", "{69106A46-4B93-4242-BA8D-CF8C585B38F4}"
EndProject
Global
	GlobalSection(SolutionConfigurationPlatforms) = preSolution
		Debug|Any CPU = Debug|Any CPU
		Release|Any CPU = Release|Any CPU
	EndGlobalSection
	GlobalSection(ProjectConfigurationPlatforms) = postSolution
		{DE745482-BFDB-47DD-8B18-8310732D0510}.Debug|Any CPU.ActiveCfg = Debug|Any CPU
		{DE745482-BFDB-47DD-8B18-8310732D0510}.Debug|Any CPU.Build.0 = Debug|Any CPU
		{DE745482-BFDB-47DD-8B18-8310732D0510}.Release|Any CPU.ActiveCfg = Release|Any CPU
		{DE745482-BFDB-47DD-8B18-8310732D0510}.Release|Any CPU.Build.0 = Release|Any CPU
		{7CEB4FB9-3CD6-4F66-936F-97ED0A41846F}.Debug|Any CPU.ActiveCfg = Debug|Any CPU
		{7CEB4FB9-3CD6-4F66-936F-97ED0A41846F}.Debug|Any CPU.Build.0 = Debug|Any CPU
		{7CEB4FB9-3CD6-4F66-936F-97ED0A41846F}.Release|Any CPU.ActiveCfg = Release|Any CPU
		{7CEB4FB9-3CD6-4F66-936F-97ED0A41846F}.Release|Any CPU.Build.0 = Release|Any CPU
		{794F15F6-7C0E-4FBF-849F-49E25EA830FB}.Debug|Any CPU.ActiveCfg = Debug|Any CPU
		{794F15F6-7C0E-4FBF-849F-49E25EA830FB}.Debug|Any CPU.Build.0 = Debug|Any CPU
		{794F15F6-7C0E-4FBF-849F-49E25EA830FB}.Release|Any CPU.ActiveCfg = Release|Any CPU
		{794F15F6-7C0E-4FBF-849F-49E25EA830FB}.Release|Any CPU.Build.0 = Release|Any CPU
		{5F6B1837-33C7-4DF7-8DB6-4A7CEBBA8503}.Debug|Any CPU.ActiveCfg = Debug
		{5F6B1837-33C7-4DF7-8DB6-4A7CEBBA8503}.Release|Any CPU.ActiveCfg = Release
		{69106A46-4B93-4242-BA8D-CF8C585B38F4}.Debug|Any CPU.ActiveCfg = Debug
		{69106A46-4B93-4242-BA8D-CF8C585B38F4}.Release|Any CPU.ActiveCfg = Release
	EndGlobalSection
	GlobalSection(SolutionProperties) = preSolution
		HideSolutionNode = FALSE
	EndGlobalSection
	GlobalSection(ExtensibilityGlobals) = postSolution
		SolutionGuid = {CD652FCB-F00A-41A5-9FAC-93217998CDC2}
	EndGlobalSection
EndGlobal
